// !$*UTF8*$!
{
	archiveVersion = 1;
	classes = {
	};
	objectVersion = 48;
	objects = {

/* Begin PBXBuildFile section */
		416B8DA65270651F3CDCD130 /* libPods-duxin.a in Frameworks */ = {isa = PBXBuildFile; fileRef = 801953D24D06379BC8372203 /* libPods-duxin.a */; };
		827C06952AEAE23FA0454F3F /* libPods-duxinTests.a in Frameworks */ = {isa = PBXBuildFile; fileRef = FB7BCD384DA25EB1455F0FA8 /* libPods-duxinTests.a */; };
		92195FB57A3B2FAFC2E8BD85 /* libPods-duxinUITests.a in Frameworks */ = {isa = PBXBuildFile; fileRef = 3C8177C00DBFA88D70DF1721 /* libPods-duxinUITests.a */; };
		BAA52F3C20102B19005DA87F /* AppDelegate.m in Sources */ = {isa = PBXBuildFile; fileRef = BAA52F3B20102B19005DA87F /* AppDelegate.m */; };
		BAA52F3F20102B19005DA87F /* ViewController.m in Sources */ = {isa = PBXBuildFile; fileRef = BAA52F3E20102B19005DA87F /* ViewController.m */; };
		BAA52F4220102B19005DA87F /* Main.storyboard in Resources */ = {isa = PBXBuildFile; fileRef = BAA52F4020102B19005DA87F /* Main.storyboard */; };
		BAA52F4420102B19005DA87F /* Assets.xcassets in Resources */ = {isa = PBXBuildFile; fileRef = BAA52F4320102B19005DA87F /* Assets.xcassets */; };
		BAA52F4720102B19005DA87F /* LaunchScreen.storyboard in Resources */ = {isa = PBXBuildFile; fileRef = BAA52F4520102B19005DA87F /* LaunchScreen.storyboard */; };
		BAA52F4A20102B19005DA87F /* main.m in Sources */ = {isa = PBXBuildFile; fileRef = BAA52F4920102B19005DA87F /* main.m */; };
		BAA52F5420102B19005DA87F /* duxinTests.m in Sources */ = {isa = PBXBuildFile; fileRef = BAA52F5320102B19005DA87F /* duxinTests.m */; };
		BAA52F5F20102B19005DA87F /* duxinUITests.m in Sources */ = {isa = PBXBuildFile; fileRef = BAA52F5E20102B19005DA87F /* duxinUITests.m */; };
		BAA52F722010391B005DA87F /* LoginViewController.m in Sources */ = {isa = PBXBuildFile; fileRef = BAA52F712010391B005DA87F /* LoginViewController.m */; };
		BAA52F7720103CBF005DA87F /* BaseViewController.m in Sources */ = {isa = PBXBuildFile; fileRef = BAA52F7620103CBE005DA87F /* BaseViewController.m */; };
		BAA52F7E2010420D005DA87F /* MainTabbarVC.m in Sources */ = {isa = PBXBuildFile; fileRef = BAA52F7D2010420D005DA87F /* MainTabbarVC.m */; };
		BAA52F872010451C005DA87F /* MainViewController.m in Sources */ = {isa = PBXBuildFile; fileRef = BAA52F862010451C005DA87F /* MainViewController.m */; };
		BAA52F8A20104554005DA87F /* MyViewController.m in Sources */ = {isa = PBXBuildFile; fileRef = BAA52F8920104554005DA87F /* MyViewController.m */; };
		BAA52F8D2010456A005DA87F /* ServiceViewController.m in Sources */ = {isa = PBXBuildFile; fileRef = BAA52F8C2010456A005DA87F /* ServiceViewController.m */; };
		BAA52F9020104C3B005DA87F /* FoundViewController.m in Sources */ = {isa = PBXBuildFile; fileRef = BAA52F8F20104C3B005DA87F /* FoundViewController.m */; };
/* End PBXBuildFile section */

/* Begin PBXContainerItemProxy section */
		BAA52F5020102B19005DA87F /* PBXContainerItemProxy */ = {
			isa = PBXContainerItemProxy;
			containerPortal = BAA52F2F20102B19005DA87F /* Project object */;
			proxyType = 1;
			remoteGlobalIDString = BAA52F3620102B19005DA87F;
			remoteInfo = duxin;
		};
		BAA52F5B20102B19005DA87F /* PBXContainerItemProxy */ = {
			isa = PBXContainerItemProxy;
			containerPortal = BAA52F2F20102B19005DA87F /* Project object */;
			proxyType = 1;
			remoteGlobalIDString = BAA52F3620102B19005DA87F;
			remoteInfo = duxin;
		};
/* End PBXContainerItemProxy section */

/* Begin PBXFileReference section */
		089C165A7CEDF52B5D3DB17F /* Pods-duxin.release.xcconfig */ = {isa = PBXFileReference; includeInIndex = 1; lastKnownFileType = text.xcconfig; name = "Pods-duxin.release.xcconfig"; path = "Pods/Target Support Files/Pods-duxin/Pods-duxin.release.xcconfig"; sourceTree = "<group>"; };
		0CA2630290EAAEFD357833A8 /* Pods-duxinUITests.debug.xcconfig */ = {isa = PBXFileReference; includeInIndex = 1; lastKnownFileType = text.xcconfig; name = "Pods-duxinUITests.debug.xcconfig"; path = "Pods/Target Support Files/Pods-duxinUITests/Pods-duxinUITests.debug.xcconfig"; sourceTree = "<group>"; };
		3100C94F930CBCECF6664733 /* Pods-duxinUITests.release.xcconfig */ = {isa = PBXFileReference; includeInIndex = 1; lastKnownFileType = text.xcconfig; name = "Pods-duxinUITests.release.xcconfig"; path = "Pods/Target Support Files/Pods-duxinUITests/Pods-duxinUITests.release.xcconfig"; sourceTree = "<group>"; };
		3C8177C00DBFA88D70DF1721 /* libPods-duxinUITests.a */ = {isa = PBXFileReference; explicitFileType = archive.ar; includeInIndex = 0; path = "libPods-duxinUITests.a"; sourceTree = BUILT_PRODUCTS_DIR; };
		6D71F4C725243A43CA0925AA /* Pods-duxinTests.release.xcconfig */ = {isa = PBXFileReference; includeInIndex = 1; lastKnownFileType = text.xcconfig; name = "Pods-duxinTests.release.xcconfig"; path = "Pods/Target Support Files/Pods-duxinTests/Pods-duxinTests.release.xcconfig"; sourceTree = "<group>"; };
		801953D24D06379BC8372203 /* libPods-duxin.a */ = {isa = PBXFileReference; explicitFileType = archive.ar; includeInIndex = 0; path = "libPods-duxin.a"; sourceTree = BUILT_PRODUCTS_DIR; };
		A692884D98EBA824B3B75596 /* Pods-duxinTests.debug.xcconfig */ = {isa = PBXFileReference; includeInIndex = 1; lastKnownFileType = text.xcconfig; name = "Pods-duxinTests.debug.xcconfig"; path = "Pods/Target Support Files/Pods-duxinTests/Pods-duxinTests.debug.xcconfig"; sourceTree = "<group>"; };
		BAA52F3720102B19005DA87F /* duxin.app */ = {isa = PBXFileReference; explicitFileType = wrapper.application; includeInIndex = 0; path = duxin.app; sourceTree = BUILT_PRODUCTS_DIR; };
		BAA52F3A20102B19005DA87F /* AppDelegate.h */ = {isa = PBXFileReference; lastKnownFileType = sourcecode.c.h; path = AppDelegate.h; sourceTree = "<group>"; };
		BAA52F3B20102B19005DA87F /* AppDelegate.m */ = {isa = PBXFileReference; lastKnownFileType = sourcecode.c.objc; path = AppDelegate.m; sourceTree = "<group>"; };
		BAA52F3D20102B19005DA87F /* ViewController.h */ = {isa = PBXFileReference; lastKnownFileType = sourcecode.c.h; path = ViewController.h; sourceTree = "<group>"; };
		BAA52F3E20102B19005DA87F /* ViewController.m */ = {isa = PBXFileReference; lastKnownFileType = sourcecode.c.objc; path = ViewController.m; sourceTree = "<group>"; };
		BAA52F4120102B19005DA87F /* Base */ = {isa = PBXFileReference; lastKnownFileType = file.storyboard; name = Base; path = Base.lproj/Main.storyboard; sourceTree = "<group>"; };
		BAA52F4320102B19005DA87F /* Assets.xcassets */ = {isa = PBXFileReference; lastKnownFileType = folder.assetcatalog; path = Assets.xcassets; sourceTree = "<group>"; };
		BAA52F4620102B19005DA87F /* Base */ = {isa = PBXFileReference; lastKnownFileType = file.storyboard; name = Base; path = Base.lproj/LaunchScreen.storyboard; sourceTree = "<group>"; };
		BAA52F4820102B19005DA87F /* Info.plist */ = {isa = PBXFileReference; lastKnownFileType = text.plist.xml; path = Info.plist; sourceTree = "<group>"; };
		BAA52F4920102B19005DA87F /* main.m */ = {isa = PBXFileReference; lastKnownFileType = sourcecode.c.objc; path = main.m; sourceTree = "<group>"; };
		BAA52F4F20102B19005DA87F /* duxinTests.xctest */ = {isa = PBXFileReference; explicitFileType = wrapper.cfbundle; includeInIndex = 0; path = duxinTests.xctest; sourceTree = BUILT_PRODUCTS_DIR; };
		BAA52F5320102B19005DA87F /* duxinTests.m */ = {isa = PBXFileReference; lastKnownFileType = sourcecode.c.objc; path = duxinTests.m; sourceTree = "<group>"; };
		BAA52F5520102B19005DA87F /* Info.plist */ = {isa = PBXFileReference; lastKnownFileType = text.plist.xml; path = Info.plist; sourceTree = "<group>"; };
		BAA52F5A20102B19005DA87F /* duxinUITests.xctest */ = {isa = PBXFileReference; explicitFileType = wrapper.cfbundle; includeInIndex = 0; path = duxinUITests.xctest; sourceTree = BUILT_PRODUCTS_DIR; };
		BAA52F5E20102B19005DA87F /* duxinUITests.m */ = {isa = PBXFileReference; lastKnownFileType = sourcecode.c.objc; path = duxinUITests.m; sourceTree = "<group>"; };
		BAA52F6020102B19005DA87F /* Info.plist */ = {isa = PBXFileReference; lastKnownFileType = text.plist.xml; path = Info.plist; sourceTree = "<group>"; };
		BAA52F702010391B005DA87F /* LoginViewController.h */ = {isa = PBXFileReference; lastKnownFileType = sourcecode.c.h; path = LoginViewController.h; sourceTree = "<group>"; };
		BAA52F712010391B005DA87F /* LoginViewController.m */ = {isa = PBXFileReference; lastKnownFileType = sourcecode.c.objc; path = LoginViewController.m; sourceTree = "<group>"; };
		BAA52F7520103CBE005DA87F /* BaseViewController.h */ = {isa = PBXFileReference; fileEncoding = 4; lastKnownFileType = sourcecode.c.h; path = BaseViewController.h; sourceTree = "<group>"; };
		BAA52F7620103CBE005DA87F /* BaseViewController.m */ = {isa = PBXFileReference; fileEncoding = 4; lastKnownFileType = sourcecode.c.objc; path = BaseViewController.m; sourceTree = "<group>"; };
		BAA52F7C2010420D005DA87F /* MainTabbarVC.h */ = {isa = PBXFileReference; lastKnownFileType = sourcecode.c.h; path = MainTabbarVC.h; sourceTree = "<group>"; };
		BAA52F7D2010420D005DA87F /* MainTabbarVC.m */ = {isa = PBXFileReference; lastKnownFileType = sourcecode.c.objc; path = MainTabbarVC.m; sourceTree = "<group>"; };
		BAA52F852010451C005DA87F /* MainViewController.h */ = {isa = PBXFileReference; lastKnownFileType = sourcecode.c.h; path = MainViewController.h; sourceTree = "<group>"; };
		BAA52F862010451C005DA87F /* MainViewController.m */ = {isa = PBXFileReference; lastKnownFileType = sourcecode.c.objc; path = MainViewController.m; sourceTree = "<group>"; };
		BAA52F8820104554005DA87F /* MyViewController.h */ = {isa = PBXFileReference; lastKnownFileType = sourcecode.c.h; path = MyViewController.h; sourceTree = "<group>"; };
		BAA52F8920104554005DA87F /* MyViewController.m */ = {isa = PBXFileReference; lastKnownFileType = sourcecode.c.objc; path = MyViewController.m; sourceTree = "<group>"; };
		BAA52F8B2010456A005DA87F /* ServiceViewController.h */ = {isa = PBXFileReference; lastKnownFileType = sourcecode.c.h; path = ServiceViewController.h; sourceTree = "<group>"; };
		BAA52F8C2010456A005DA87F /* ServiceViewController.m */ = {isa = PBXFileReference; lastKnownFileType = sourcecode.c.objc; path = ServiceViewController.m; sourceTree = "<group>"; };
		BAA52F8E20104C3B005DA87F /* FoundViewController.h */ = {isa = PBXFileReference; lastKnownFileType = sourcecode.c.h; path = FoundViewController.h; sourceTree = "<group>"; };
		BAA52F8F20104C3B005DA87F /* FoundViewController.m */ = {isa = PBXFileReference; lastKnownFileType = sourcecode.c.objc; path = FoundViewController.m; sourceTree = "<group>"; };
		C64F07869E8AECBB02E0B393 /* Pods-duxin.debug.xcconfig */ = {isa = PBXFileReference; includeInIndex = 1; lastKnownFileType = text.xcconfig; name = "Pods-duxin.debug.xcconfig"; path = "Pods/Target Support Files/Pods-duxin/Pods-duxin.debug.xcconfig"; sourceTree = "<group>"; };
		FB7BCD384DA25EB1455F0FA8 /* libPods-duxinTests.a */ = {isa = PBXFileReference; explicitFileType = archive.ar; includeInIndex = 0; path = "libPods-duxinTests.a"; sourceTree = BUILT_PRODUCTS_DIR; };
/* End PBXFileReference section */

/* Begin PBXFrameworksBuildPhase section */
		BAA52F3420102B19005DA87F /* Frameworks */ = {
			isa = PBXFrameworksBuildPhase;
			buildActionMask = 2147483647;
			files = (
				416B8DA65270651F3CDCD130 /* libPods-duxin.a in Frameworks */,
			);
			runOnlyForDeploymentPostprocessing = 0;
		};
		BAA52F4C20102B19005DA87F /* Frameworks */ = {
			isa = PBXFrameworksBuildPhase;
			buildActionMask = 2147483647;
			files = (
				827C06952AEAE23FA0454F3F /* libPods-duxinTests.a in Frameworks */,
			);
			runOnlyForDeploymentPostprocessing = 0;
		};
		BAA52F5720102B19005DA87F /* Frameworks */ = {
			isa = PBXFrameworksBuildPhase;
			buildActionMask = 2147483647;
			files = (
				92195FB57A3B2FAFC2E8BD85 /* libPods-duxinUITests.a in Frameworks */,
			);
			runOnlyForDeploymentPostprocessing = 0;
		};
/* End PBXFrameworksBuildPhase section */

/* Begin PBXGroup section */
		2AC3D8217B112C21C117331E /* Pods */ = {
			isa = PBXGroup;
			children = (
				C64F07869E8AECBB02E0B393 /* Pods-duxin.debug.xcconfig */,
				089C165A7CEDF52B5D3DB17F /* Pods-duxin.release.xcconfig */,
				A692884D98EBA824B3B75596 /* Pods-duxinTests.debug.xcconfig */,
				6D71F4C725243A43CA0925AA /* Pods-duxinTests.release.xcconfig */,
				0CA2630290EAAEFD357833A8 /* Pods-duxinUITests.debug.xcconfig */,
				3100C94F930CBCECF6664733 /* Pods-duxinUITests.release.xcconfig */,
			);
			name = Pods;
			sourceTree = "<group>";
		};
		9422D0E8FF675CC660C5A2D9 /* Frameworks */ = {
			isa = PBXGroup;
			children = (
				801953D24D06379BC8372203 /* libPods-duxin.a */,
				FB7BCD384DA25EB1455F0FA8 /* libPods-duxinTests.a */,
				3C8177C00DBFA88D70DF1721 /* libPods-duxinUITests.a */,
			);
			name = Frameworks;
			sourceTree = "<group>";
		};
		BAA52F2E20102B19005DA87F = {
			isa = PBXGroup;
			children = (
				BAA52F3920102B19005DA87F /* duxin */,
				BAA52F5220102B19005DA87F /* duxinTests */,
				BAA52F5D20102B19005DA87F /* duxinUITests */,
				BAA52F3820102B19005DA87F /* Products */,
				2AC3D8217B112C21C117331E /* Pods */,
				9422D0E8FF675CC660C5A2D9 /* Frameworks */,
			);
			sourceTree = "<group>";
		};
		BAA52F3820102B19005DA87F /* Products */ = {
			isa = PBXGroup;
			children = (
				BAA52F3720102B19005DA87F /* duxin.app */,
				BAA52F4F20102B19005DA87F /* duxinTests.xctest */,
				BAA52F5A20102B19005DA87F /* duxinUITests.xctest */,
			);
			name = Products;
			sourceTree = "<group>";
		};
		BAA52F3920102B19005DA87F /* duxin */ = {
			isa = PBXGroup;
			children = (
				BAA52F6E201036FA005DA87F /* MainApplication */,
				BAA52F3A20102B19005DA87F /* AppDelegate.h */,
				BAA52F3B20102B19005DA87F /* AppDelegate.m */,
				BAA52F3D20102B19005DA87F /* ViewController.h */,
				BAA52F3E20102B19005DA87F /* ViewController.m */,
				BAA52F4020102B19005DA87F /* Main.storyboard */,
				BAA52F4320102B19005DA87F /* Assets.xcassets */,
				BAA52F4520102B19005DA87F /* LaunchScreen.storyboard */,
				BAA52F4820102B19005DA87F /* Info.plist */,
				BAA52F4920102B19005DA87F /* main.m */,
			);
			path = duxin;
			sourceTree = "<group>";
		};
		BAA52F5220102B19005DA87F /* duxinTests */ = {
			isa = PBXGroup;
			children = (
				BAA52F5320102B19005DA87F /* duxinTests.m */,
				BAA52F5520102B19005DA87F /* Info.plist */,
			);
			path = duxinTests;
			sourceTree = "<group>";
		};
		BAA52F5D20102B19005DA87F /* duxinUITests */ = {
			isa = PBXGroup;
			children = (
				BAA52F5E20102B19005DA87F /* duxinUITests.m */,
				BAA52F6020102B19005DA87F /* Info.plist */,
			);
			path = duxinUITests;
			sourceTree = "<group>";
		};
		BAA52F6E201036FA005DA87F /* MainApplication */ = {
			isa = PBXGroup;
			children = (
				BAA52F84201044F9005DA87F /* MainModule */,
				BAA52F8120104351005DA87F /* FoundModule */,
				BAA52F8220104375005DA87F /* ServiceModule */,
				BAA52F832010438E005DA87F /* MyModule */,
				BAA52F6F20103861005DA87F /*  LoginModule */,
				BAA52F78201040C9005DA87F /* MainTabbarModule */,
				BAA52F7320103987005DA87F /* GeneralModule */,
			);
			path = MainApplication;
			sourceTree = "<group>";
		};
		BAA52F6F20103861005DA87F /*  LoginModule */ = {
			isa = PBXGroup;
			children = (
				BAA52F702010391B005DA87F /* LoginViewController.h */,
				BAA52F712010391B005DA87F /* LoginViewController.m */,
			);
			path = " LoginModule";
			sourceTree = "<group>";
		};
		BAA52F7320103987005DA87F /* GeneralModule */ = {
			isa = PBXGroup;
			children = (
				BAA52F74201039D5005DA87F /* BaseViewController */,
			);
			path = GeneralModule;
			sourceTree = "<group>";
		};
		BAA52F74201039D5005DA87F /* BaseViewController */ = {
			isa = PBXGroup;
			children = (
				BAA52F7520103CBE005DA87F /* BaseViewController.h */,
				BAA52F7620103CBE005DA87F /* BaseViewController.m */,
			);
			path = BaseViewController;
			sourceTree = "<group>";
		};
		BAA52F78201040C9005DA87F /* MainTabbarModule */ = {
			isa = PBXGroup;
			children = (
				BAA52F7C2010420D005DA87F /* MainTabbarVC.h */,
				BAA52F7D2010420D005DA87F /* MainTabbarVC.m */,
			);
			path = MainTabbarModule;
			sourceTree = "<group>";
		};
		BAA52F8120104351005DA87F /* FoundModule */ = {
			isa = PBXGroup;
			children = (
				BAA52F8E20104C3B005DA87F /* FoundViewController.h */,
				BAA52F8F20104C3B005DA87F /* FoundViewController.m */,
			);
			path = FoundModule;
			sourceTree = "<group>";
		};
		BAA52F8220104375005DA87F /* ServiceModule */ = {
			isa = PBXGroup;
			children = (
				BAA52F8B2010456A005DA87F /* ServiceViewController.h */,
				BAA52F8C2010456A005DA87F /* ServiceViewController.m */,
			);
			path = ServiceModule;
			sourceTree = "<group>";
		};
		BAA52F832010438E005DA87F /* MyModule */ = {
			isa = PBXGroup;
			children = (
				BAA52F8820104554005DA87F /* MyViewController.h */,
				BAA52F8920104554005DA87F /* MyViewController.m */,
			);
			path = MyModule;
			sourceTree = "<group>";
		};
		BAA52F84201044F9005DA87F /* MainModule */ = {
			isa = PBXGroup;
			children = (
				BAA52F852010451C005DA87F /* MainViewController.h */,
				BAA52F862010451C005DA87F /* MainViewController.m */,
			);
			path = MainModule;
			sourceTree = "<group>";
		};
/* End PBXGroup section */

/* Begin PBXNativeTarget section */
		BAA52F3620102B19005DA87F /* duxin */ = {
			isa = PBXNativeTarget;
			buildConfigurationList = BAA52F6320102B19005DA87F /* Build configuration list for PBXNativeTarget "duxin" */;
			buildPhases = (
				FDC04D182A29D192AD027FA5 /* [CP] Check Pods Manifest.lock */,
				BAA52F3320102B19005DA87F /* Sources */,
				BAA52F3420102B19005DA87F /* Frameworks */,
				BAA52F3520102B19005DA87F /* Resources */,
				EE94DD0784BA2A9D15DC1BA1 /* [CP] Embed Pods Frameworks */,
				93DF137E5B9AD1FFC789261A /* [CP] Copy Pods Resources */,
			);
			buildRules = (
			);
			dependencies = (
			);
			name = duxin;
			productName = duxin;
			productReference = BAA52F3720102B19005DA87F /* duxin.app */;
			productType = "com.apple.product-type.application";
		};
		BAA52F4E20102B19005DA87F /* duxinTests */ = {
			isa = PBXNativeTarget;
			buildConfigurationList = BAA52F6620102B19005DA87F /* Build configuration list for PBXNativeTarget "duxinTests" */;
			buildPhases = (
				D3216B743AB46B285B7B2304 /* [CP] Check Pods Manifest.lock */,
				BAA52F4B20102B19005DA87F /* Sources */,
				BAA52F4C20102B19005DA87F /* Frameworks */,
				BAA52F4D20102B19005DA87F /* Resources */,
				282A8AE7F0AE199FD3733AF0 /* [CP] Embed Pods Frameworks */,
				507042909D03BC4483BD461A /* [CP] Copy Pods Resources */,
			);
			buildRules = (
			);
			dependencies = (
				BAA52F5120102B19005DA87F /* PBXTargetDependency */,
			);
			name = duxinTests;
			productName = duxinTests;
			productReference = BAA52F4F20102B19005DA87F /* duxinTests.xctest */;
			productType = "com.apple.product-type.bundle.unit-test";
		};
		BAA52F5920102B19005DA87F /* duxinUITests */ = {
			isa = PBXNativeTarget;
			buildConfigurationList = BAA52F6920102B19005DA87F /* Build configuration list for PBXNativeTarget "duxinUITests" */;
			buildPhases = (
				9DBBD2E87437AAAF507DA3F1 /* [CP] Check Pods Manifest.lock */,
				BAA52F5620102B19005DA87F /* Sources */,
				BAA52F5720102B19005DA87F /* Frameworks */,
				BAA52F5820102B19005DA87F /* Resources */,
				DE41465C29F46938348F37BE /* [CP] Embed Pods Frameworks */,
				4D049730E8680CDEED68EB0C /* [CP] Copy Pods Resources */,
			);
			buildRules = (
			);
			dependencies = (
				BAA52F5C20102B19005DA87F /* PBXTargetDependency */,
			);
			name = duxinUITests;
			productName = duxinUITests;
			productReference = BAA52F5A20102B19005DA87F /* duxinUITests.xctest */;
			productType = "com.apple.product-type.bundle.ui-testing";
		};
/* End PBXNativeTarget section */

/* Begin PBXProject section */
		BAA52F2F20102B19005DA87F /* Project object */ = {
			isa = PBXProject;
			attributes = {
				LastUpgradeCheck = 0920;
				ORGANIZATIONNAME = 37duxin;
				TargetAttributes = {
					BAA52F3620102B19005DA87F = {
						CreatedOnToolsVersion = 9.2;
						ProvisioningStyle = Automatic;
					};
					BAA52F4E20102B19005DA87F = {
						CreatedOnToolsVersion = 9.2;
						ProvisioningStyle = Automatic;
						TestTargetID = BAA52F3620102B19005DA87F;
					};
					BAA52F5920102B19005DA87F = {
						CreatedOnToolsVersion = 9.2;
						ProvisioningStyle = Automatic;
						TestTargetID = BAA52F3620102B19005DA87F;
					};
				};
			};
			buildConfigurationList = BAA52F3220102B19005DA87F /* Build configuration list for PBXProject "duxin" */;
			compatibilityVersion = "Xcode 8.0";
			developmentRegion = en;
			hasScannedForEncodings = 0;
			knownRegions = (
				en,
				Base,
			);
			mainGroup = BAA52F2E20102B19005DA87F;
			productRefGroup = BAA52F3820102B19005DA87F /* Products */;
			projectDirPath = "";
			projectRoot = "";
			targets = (
				BAA52F3620102B19005DA87F /* duxin */,
				BAA52F4E20102B19005DA87F /* duxinTests */,
				BAA52F5920102B19005DA87F /* duxinUITests */,
			);
		};
/* End PBXProject section */

/* Begin PBXResourcesBuildPhase section */
		BAA52F3520102B19005DA87F /* Resources */ = {
			isa = PBXResourcesBuildPhase;
			buildActionMask = 2147483647;
			files = (
				BAA52F4720102B19005DA87F /* LaunchScreen.storyboard in Resources */,
				BAA52F4420102B19005DA87F /* Assets.xcassets in Resources */,
				BAA52F4220102B19005DA87F /* Main.storyboard in Resources */,
			);
			runOnlyForDeploymentPostprocessing = 0;
		};
		BAA52F4D20102B19005DA87F /* Resources */ = {
			isa = PBXResourcesBuildPhase;
			buildActionMask = 2147483647;
			files = (
			);
			runOnlyForDeploymentPostprocessing = 0;
		};
		BAA52F5820102B19005DA87F /* Resources */ = {
			isa = PBXResourcesBuildPhase;
			buildActionMask = 2147483647;
			files = (
			);
			runOnlyForDeploymentPostprocessing = 0;
		};
/* End PBXResourcesBuildPhase section */

/* Begin PBXShellScriptBuildPhase section */
		282A8AE7F0AE199FD3733AF0 /* [CP] Embed Pods Frameworks */ = {
			isa = PBXShellScriptBuildPhase;
			buildActionMask = 2147483647;
			files = (
			);
			inputPaths = (
			);
			name = "[CP] Embed Pods Frameworks";
			outputPaths = (
			);
			runOnlyForDeploymentPostprocessing = 0;
			shellPath = /bin/sh;
			shellScript = "\"${SRCROOT}/Pods/Target Support Files/Pods-duxinTests/Pods-duxinTests-frameworks.sh\"\n";
			showEnvVarsInLog = 0;
		};
		4D049730E8680CDEED68EB0C /* [CP] Copy Pods Resources */ = {
			isa = PBXShellScriptBuildPhase;
			buildActionMask = 2147483647;
			files = (
			);
			inputPaths = (
			);
			name = "[CP] Copy Pods Resources";
			outputPaths = (
			);
			runOnlyForDeploymentPostprocessing = 0;
			shellPath = /bin/sh;
			shellScript = "\"${SRCROOT}/Pods/Target Support Files/Pods-duxinUITests/Pods-duxinUITests-resources.sh\"\n";
			showEnvVarsInLog = 0;
		};
		507042909D03BC4483BD461A /* [CP] Copy Pods Resources */ = {
			isa = PBXShellScriptBuildPhase;
			buildActionMask = 2147483647;
			files = (
			);
			inputPaths = (
			);
			name = "[CP] Copy Pods Resources";
			outputPaths = (
			);
			runOnlyForDeploymentPostprocessing = 0;
			shellPath = /bin/sh;
			shellScript = "\"${SRCROOT}/Pods/Target Support Files/Pods-duxinTests/Pods-duxinTests-resources.sh\"\n";
			showEnvVarsInLog = 0;
		};
		93DF137E5B9AD1FFC789261A /* [CP] Copy Pods Resources */ = {
			isa = PBXShellScriptBuildPhase;
			buildActionMask = 2147483647;
			files = (
			);
			inputPaths = (
				"${SRCROOT}/Pods/Target Support Files/Pods-duxin/Pods-duxin-resources.sh",
				"${PODS_ROOT}/IQKeyboardManager/IQKeyboardManager/Resources/IQKeyboardManager.bundle",
			);
			name = "[CP] Copy Pods Resources";
			outputPaths = (
				"${TARGET_BUILD_DIR}/${UNLOCALIZED_RESOURCES_FOLDER_PATH}",
			);
			runOnlyForDeploymentPostprocessing = 0;
			shellPath = /bin/sh;
			shellScript = "\"${SRCROOT}/Pods/Target Support Files/Pods-duxin/Pods-duxin-resources.sh\"\n";
			showEnvVarsInLog = 0;
		};
		9DBBD2E87437AAAF507DA3F1 /* [CP] Check Pods Manifest.lock */ = {
			isa = PBXShellScriptBuildPhase;
			buildActionMask = 2147483647;
			files = (
			);
			inputPaths = (
				"${PODS_PODFILE_DIR_PATH}/Podfile.lock",
				"${PODS_ROOT}/Manifest.lock",
			);
			name = "[CP] Check Pods Manifest.lock";
			outputPaths = (
				"$(DERIVED_FILE_DIR)/Pods-duxinUITests-checkManifestLockResult.txt",
			);
			runOnlyForDeploymentPostprocessing = 0;
			shellPath = /bin/sh;
			shellScript = "diff \"${PODS_PODFILE_DIR_PATH}/Podfile.lock\" \"${PODS_ROOT}/Manifest.lock\" > /dev/null\nif [ $? != 0 ] ; then\n    # print error to STDERR\n    echo \"error: The sandbox is not in sync with the Podfile.lock. Run 'pod install' or update your CocoaPods installation.\" >&2\n    exit 1\nfi\n# This output is used by Xcode 'outputs' to avoid re-running this script phase.\necho \"SUCCESS\" > \"${SCRIPT_OUTPUT_FILE_0}\"\n";
			showEnvVarsInLog = 0;
		};
		D3216B743AB46B285B7B2304 /* [CP] Check Pods Manifest.lock */ = {
			isa = PBXShellScriptBuildPhase;
			buildActionMask = 2147483647;
			files = (
			);
			inputPaths = (
				"${PODS_PODFILE_DIR_PATH}/Podfile.lock",
				"${PODS_ROOT}/Manifest.lock",
			);
			name = "[CP] Check Pods Manifest.lock";
			outputPaths = (
				"$(DERIVED_FILE_DIR)/Pods-duxinTests-checkManifestLockResult.txt",
			);
			runOnlyForDeploymentPostprocessing = 0;
			shellPath = /bin/sh;
			shellScript = "diff \"${PODS_PODFILE_DIR_PATH}/Podfile.lock\" \"${PODS_ROOT}/Manifest.lock\" > /dev/null\nif [ $? != 0 ] ; then\n    # print error to STDERR\n    echo \"error: The sandbox is not in sync with the Podfile.lock. Run 'pod install' or update your CocoaPods installation.\" >&2\n    exit 1\nfi\n# This output is used by Xcode 'outputs' to avoid re-running this script phase.\necho \"SUCCESS\" > \"${SCRIPT_OUTPUT_FILE_0}\"\n";
			showEnvVarsInLog = 0;
		};
		DE41465C29F46938348F37BE /* [CP] Embed Pods Frameworks */ = {
			isa = PBXShellScriptBuildPhase;
			buildActionMask = 2147483647;
			files = (
			);
			inputPaths = (
			);
			name = "[CP] Embed Pods Frameworks";
			outputPaths = (
			);
			runOnlyForDeploymentPostprocessing = 0;
			shellPath = /bin/sh;
			shellScript = "\"${SRCROOT}/Pods/Target Support Files/Pods-duxinUITests/Pods-duxinUITests-frameworks.sh\"\n";
			showEnvVarsInLog = 0;
		};
		EE94DD0784BA2A9D15DC1BA1 /* [CP] Embed Pods Frameworks */ = {
			isa = PBXShellScriptBuildPhase;
			buildActionMask = 2147483647;
			files = (
			);
			inputPaths = (
			);
			name = "[CP] Embed Pods Frameworks";
			outputPaths = (
			);
			runOnlyForDeploymentPostprocessing = 0;
			shellPath = /bin/sh;
			shellScript = "\"${SRCROOT}/Pods/Target Support Files/Pods-duxin/Pods-duxin-frameworks.sh\"\n";
			showEnvVarsInLog = 0;
		};
		FDC04D182A29D192AD027FA5 /* [CP] Check Pods Manifest.lock */ = {
			isa = PBXShellScriptBuildPhase;
			buildActionMask = 2147483647;
			files = (
			);
			inputPaths = (
				"${PODS_PODFILE_DIR_PATH}/Podfile.lock",
				"${PODS_ROOT}/Manifest.lock",
			);
			name = "[CP] Check Pods Manifest.lock";
			outputPaths = (
				"$(DERIVED_FILE_DIR)/Pods-duxin-checkManifestLockResult.txt",
			);
			runOnlyForDeploymentPostprocessing = 0;
			shellPath = /bin/sh;
			shellScript = "diff \"${PODS_PODFILE_DIR_PATH}/Podfile.lock\" \"${PODS_ROOT}/Manifest.lock\" > /dev/null\nif [ $? != 0 ] ; then\n    # print error to STDERR\n    echo \"error: The sandbox is not in sync with the Podfile.lock. Run 'pod install' or update your CocoaPods installation.\" >&2\n    exit 1\nfi\n# This output is used by Xcode 'outputs' to avoid re-running this script phase.\necho \"SUCCESS\" > \"${SCRIPT_OUTPUT_FILE_0}\"\n";
			showEnvVarsInLog = 0;
		};
/* End PBXShellScriptBuildPhase section */

/* Begin PBXSourcesBuildPhase section */
		BAA52F3320102B19005DA87F /* Sources */ = {
			isa = PBXSourcesBuildPhase;
			buildActionMask = 2147483647;
			files = (
				BAA52F722010391B005DA87F /* LoginViewController.m in Sources */,
				BAA52F7720103CBF005DA87F /* BaseViewController.m in Sources */,
				BAA52F8A20104554005DA87F /* MyViewController.m in Sources */,
				BAA52F3F20102B19005DA87F /* ViewController.m in Sources */,
				BAA52F4A20102B19005DA87F /* main.m in Sources */,
				BAA52F8D2010456A005DA87F /* ServiceViewController.m in Sources */,
				BAA52F872010451C005DA87F /* MainViewController.m in Sources */,
				BAA52F3C20102B19005DA87F /* AppDelegate.m in Sources */,
				BAA52F7E2010420D005DA87F /* MainTabbarVC.m in Sources */,
				BAA52F9020104C3B005DA87F /* FoundViewController.m in Sources */,
			);
			runOnlyForDeploymentPostprocessing = 0;
		};
		BAA52F4B20102B19005DA87F /* Sources */ = {
			isa = PBXSourcesBuildPhase;
			buildActionMask = 2147483647;
			files = (
				BAA52F5420102B19005DA87F /* duxinTests.m in Sources */,
			);
			runOnlyForDeploymentPostprocessing = 0;
		};
		BAA52F5620102B19005DA87F /* Sources */ = {
			isa = PBXSourcesBuildPhase;
			buildActionMask = 2147483647;
			files = (
				BAA52F5F20102B19005DA87F /* duxinUITests.m in Sources */,
			);
			runOnlyForDeploymentPostprocessing = 0;
		};
/* End PBXSourcesBuildPhase section */

/* Begin PBXTargetDependency section */
		BAA52F5120102B19005DA87F /* PBXTargetDependency */ = {
			isa = PBXTargetDependency;
			target = BAA52F3620102B19005DA87F /* duxin */;
			targetProxy = BAA52F5020102B19005DA87F /* PBXContainerItemProxy */;
		};
		BAA52F5C20102B19005DA87F /* PBXTargetDependency */ = {
			isa = PBXTargetDependency;
			target = BAA52F3620102B19005DA87F /* duxin */;
			targetProxy = BAA52F5B20102B19005DA87F /* PBXContainerItemProxy */;
		};
/* End PBXTargetDependency section */

/* Begin PBXVariantGroup section */
		BAA52F4020102B19005DA87F /* Main.storyboard */ = {
			isa = PBXVariantGroup;
			children = (
				BAA52F4120102B19005DA87F /* Base */,
			);
			name = Main.storyboard;
			sourceTree = "<group>";
		};
		BAA52F4520102B19005DA87F /* LaunchScreen.storyboard */ = {
			isa = PBXVariantGroup;
			children = (
				BAA52F4620102B19005DA87F /* Base */,
			);
			name = LaunchScreen.storyboard;
			sourceTree = "<group>";
		};
/* End PBXVariantGroup section */

/* Begin XCBuildConfiguration section */
		BAA52F6120102B19005DA87F /* Debug */ = {
			isa = XCBuildConfiguration;
			buildSettings = {
				ALWAYS_SEARCH_USER_PATHS = NO;
				CLANG_ANALYZER_NONNULL = YES;
				CLANG_ANALYZER_NUMBER_OBJECT_CONVERSION = YES_AGGRESSIVE;
				CLANG_CXX_LANGUAGE_STANDARD = "gnu++14";
				CLANG_CXX_LIBRARY = "libc++";
				CLANG_ENABLE_MODULES = YES;
				CLANG_ENABLE_OBJC_ARC = YES;
				CLANG_WARN_BLOCK_CAPTURE_AUTORELEASING = YES;
				CLANG_WARN_BOOL_CONVERSION = YES;
				CLANG_WARN_COMMA = YES;
				CLANG_WARN_CONSTANT_CONVERSION = YES;
				CLANG_WARN_DIRECT_OBJC_ISA_USAGE = YES_ERROR;
				CLANG_WARN_DOCUMENTATION_COMMENTS = YES;
				CLANG_WARN_EMPTY_BODY = YES;
				CLANG_WARN_ENUM_CONVERSION = YES;
				CLANG_WARN_INFINITE_RECURSION = YES;
				CLANG_WARN_INT_CONVERSION = YES;
				CLANG_WARN_NON_LITERAL_NULL_CONVERSION = YES;
				CLANG_WARN_OBJC_LITERAL_CONVERSION = YES;
				CLANG_WARN_OBJC_ROOT_CLASS = YES_ERROR;
				CLANG_WARN_RANGE_LOOP_ANALYSIS = YES;
				CLANG_WARN_STRICT_PROTOTYPES = YES;
				CLANG_WARN_SUSPICIOUS_MOVE = YES;
				CLANG_WARN_UNGUARDED_AVAILABILITY = YES_AGGRESSIVE;
				CLANG_WARN_UNREACHABLE_CODE = YES;
				CLANG_WARN__DUPLICATE_METHOD_MATCH = YES;
				CODE_SIGN_IDENTITY = "iPhone Developer";
				COPY_PHASE_STRIP = NO;
				DEBUG_INFORMATION_FORMAT = dwarf;
				ENABLE_STRICT_OBJC_MSGSEND = YES;
				ENABLE_TESTABILITY = YES;
				GCC_C_LANGUAGE_STANDARD = gnu11;
				GCC_DYNAMIC_NO_PIC = NO;
				GCC_NO_COMMON_BLOCKS = YES;
				GCC_OPTIMIZATION_LEVEL = 0;
				GCC_PREPROCESSOR_DEFINITIONS = (
					"DEBUG=1",
					"$(inherited)",
				);
				GCC_WARN_64_TO_32_BIT_CONVERSION = YES;
				GCC_WARN_ABOUT_RETURN_TYPE = YES_ERROR;
				GCC_WARN_UNDECLARED_SELECTOR = YES;
				GCC_WARN_UNINITIALIZED_AUTOS = YES_AGGRESSIVE;
				GCC_WARN_UNUSED_FUNCTION = YES;
				GCC_WARN_UNUSED_VARIABLE = YES;
				IPHONEOS_DEPLOYMENT_TARGET = 11.2;
				MTL_ENABLE_DEBUG_INFO = YES;
				ONLY_ACTIVE_ARCH = YES;
				SDKROOT = iphoneos;
			};
			name = Debug;
		};
		BAA52F6220102B19005DA87F /* Release */ = {
			isa = XCBuildConfiguration;
			buildSettings = {
				ALWAYS_SEARCH_USER_PATHS = NO;
				CLANG_ANALYZER_NONNULL = YES;
				CLANG_ANALYZER_NUMBER_OBJECT_CONVERSION = YES_AGGRESSIVE;
				CLANG_CXX_LANGUAGE_STANDARD = "gnu++14";
				CLANG_CXX_LIBRARY = "libc++";
				CLANG_ENABLE_MODULES = YES;
				CLANG_ENABLE_OBJC_ARC = YES;
				CLANG_WARN_BLOCK_CAPTURE_AUTORELEASING = YES;
				CLANG_WARN_BOOL_CONVERSION = YES;
				CLANG_WARN_COMMA = YES;
				CLANG_WARN_CONSTANT_CONVERSION = YES;
				CLANG_WARN_DIRECT_OBJC_ISA_USAGE = YES_ERROR;
				CLANG_WARN_DOCUMENTATION_COMMENTS = YES;
				CLANG_WARN_EMPTY_BODY = YES;
				CLANG_WARN_ENUM_CONVERSION = YES;
				CLANG_WARN_INFINITE_RECURSION = YES;
				CLANG_WARN_INT_CONVERSION = YES;
				CLANG_WARN_NON_LITERAL_NULL_CONVERSION = YES;
				CLANG_WARN_OBJC_LITERAL_CONVERSION = YES;
				CLANG_WARN_OBJC_ROOT_CLASS = YES_ERROR;
				CLANG_WARN_RANGE_LOOP_ANALYSIS = YES;
				CLANG_WARN_STRICT_PROTOTYPES = YES;
				CLANG_WARN_SUSPICIOUS_MOVE = YES;
				CLANG_WARN_UNGUARDED_AVAILABILITY = YES_AGGRESSIVE;
				CLANG_WARN_UNREACHABLE_CODE = YES;
				CLANG_WARN__DUPLICATE_METHOD_MATCH = YES;
				CODE_SIGN_IDENTITY = "iPhone Developer";
				COPY_PHASE_STRIP = NO;
				DEBUG_INFORMATION_FORMAT = "dwarf-with-dsym";
				ENABLE_NS_ASSERTIONS = NO;
				ENABLE_STRICT_OBJC_MSGSEND = YES;
				GCC_C_LANGUAGE_STANDARD = gnu11;
				GCC_NO_COMMON_BLOCKS = YES;
				GCC_WARN_64_TO_32_BIT_CONVERSION = YES;
				GCC_WARN_ABOUT_RETURN_TYPE = YES_ERROR;
				GCC_WARN_UNDECLARED_SELECTOR = YES;
				GCC_WARN_UNINITIALIZED_AUTOS = YES_AGGRESSIVE;
				GCC_WARN_UNUSED_FUNCTION = YES;
				GCC_WARN_UNUSED_VARIABLE = YES;
				IPHONEOS_DEPLOYMENT_TARGET = 11.2;
				MTL_ENABLE_DEBUG_INFO = NO;
				SDKROOT = iphoneos;
				VALIDATE_PRODUCT = YES;
			};
			name = Release;
		};
		BAA52F6420102B19005DA87F /* Debug */ = {
			isa = XCBuildConfiguration;
			baseConfigurationReference = C64F07869E8AECBB02E0B393 /* Pods-duxin.debug.xcconfig */;
			buildSettings = {
				ASSETCATALOG_COMPILER_APPICON_NAME = AppIcon;
				CODE_SIGN_STYLE = Automatic;
				INFOPLIST_FILE = duxin/Info.plist;
				LD_RUNPATH_SEARCH_PATHS = "$(inherited) @executable_path/Frameworks";
				PRODUCT_BUNDLE_IDENTIFIER = "-7duxin.com.duxin";
				PRODUCT_NAME = "$(TARGET_NAME)";
				TARGETED_DEVICE_FAMILY = "1,2";
			};
			name = Debug;
		};
		BAA52F6520102B19005DA87F /* Release */ = {
			isa = XCBuildConfiguration;
			baseConfigurationReference = 089C165A7CEDF52B5D3DB17F /* Pods-duxin.release.xcconfig */;
			buildSettings = {
				ASSETCATALOG_COMPILER_APPICON_NAME = AppIcon;
				CODE_SIGN_STYLE = Automatic;
				INFOPLIST_FILE = duxin/Info.plist;
				LD_RUNPATH_SEARCH_PATHS = "$(inherited) @executable_path/Frameworks";
				PRODUCT_BUNDLE_IDENTIFIER = "-7duxin.com.duxin";
				PRODUCT_NAME = "$(TARGET_NAME)";
				TARGETED_DEVICE_FAMILY = "1,2";
			};
			name = Release;
		};
		BAA52F6720102B19005DA87F /* Debug */ = {
			isa = XCBuildConfiguration;
			baseConfigurationReference = A692884D98EBA824B3B75596 /* Pods-duxinTests.debug.xcconfig */;
			buildSettings = {
				BUNDLE_LOADER = "$(TEST_HOST)";
				CODE_SIGN_STYLE = Automatic;
				INFOPLIST_FILE = duxinTests/Info.plist;
				LD_RUNPATH_SEARCH_PATHS = "$(inherited) @executable_path/Frameworks @loader_path/Frameworks";
				PRODUCT_BUNDLE_IDENTIFIER = "-7duxin.com.duxinTests";
				PRODUCT_NAME = "$(TARGET_NAME)";
				TARGETED_DEVICE_FAMILY = "1,2";
				TEST_HOST = "$(BUILT_PRODUCTS_DIR)/duxin.app/duxin";
			};
			name = Debug;
		};
		BAA52F6820102B19005DA87F /* Release */ = {
			isa = XCBuildConfiguration;
			baseConfigurationReference = 6D71F4C725243A43CA0925AA /* Pods-duxinTests.release.xcconfig */;
			buildSettings = {
				BUNDLE_LOADER = "$(TEST_HOST)";
				CODE_SIGN_STYLE = Automatic;
				INFOPLIST_FILE = duxinTests/Info.plist;
				LD_RUNPATH_SEARCH_PATHS = "$(inherited) @executable_path/Frameworks @loader_path/Frameworks";
				PRODUCT_BUNDLE_IDENTIFIER = "-7duxin.com.duxinTests";
				PRODUCT_NAME = "$(TARGET_NAME)";
				TARGETED_DEVICE_FAMILY = "1,2";
				TEST_HOST = "$(BUILT_PRODUCTS_DIR)/duxin.app/duxin";
			};
			name = Release;
		};
		BAA52F6A20102B19005DA87F /* Debug */ = {
			isa = XCBuildConfiguration;
			baseConfigurationReference = 0CA2630290EAAEFD357833A8 /* Pods-duxinUITests.debug.xcconfig */;
			buildSettings = {
				CODE_SIGN_STYLE = Automatic;
				INFOPLIST_FILE = duxinUITests/Info.plist;
				LD_RUNPATH_SEARCH_PATHS = "$(inherited) @executable_path/Frameworks @loader_path/Frameworks";
				PRODUCT_BUNDLE_IDENTIFIER = "-7duxin.com.duxinUITests";
				PRODUCT_NAME = "$(TARGET_NAME)";
				TARGETED_DEVICE_FAMILY = "1,2";
				TEST_TARGET_NAME = duxin;
			};
			name = Debug;
		};
		BAA52F6B20102B19005DA87F /* Release */ = {
			isa = XCBuildConfiguration;
			baseConfigurationReference = 3100C94F930CBCECF6664733 /* Pods-duxinUITests.release.xcconfig */;
			buildSettings = {
				CODE_SIGN_STYLE = Automatic;
				INFOPLIST_FILE = duxinUITests/Info.plist;
				LD_RUNPATH_SEARCH_PATHS = "$(inherited) @executable_path/Frameworks @loader_path/Frameworks";
				PRODUCT_BUNDLE_IDENTIFIER = "-7duxin.com.duxinUITests";
				PRODUCT_NAME = "$(TARGET_NAME)";
				TARGETED_DEVICE_FAMILY = "1,2";
				TEST_TARGET_NAME = duxin;
			};
			name = Release;
		};
/* End XCBuildConfiguration section */

/* Begin XCConfigurationList section */
		BAA52F3220102B19005DA87F /* Build configuration list for PBXProject "duxin" */ = {
			isa = XCConfigurationList;
			buildConfigurations = (
				BAA52F6120102B19005DA87F /* Debug */,
				BAA52F6220102B19005DA87F /* Release */,
			);
			defaultConfigurationIsVisible = 0;
			defaultConfigurationName = Release;
		};
		BAA52F6320102B19005DA87F /* Build configuration list for PBXNativeTarget "duxin" */ = {
			isa = XCConfigurationList;
			buildConfigurations = (
				BAA52F6420102B19005DA87F /* Debug */,
				BAA52F6520102B19005DA87F /* Release */,
			);
			defaultConfigurationIsVisible = 0;
			defaultConfigurationName = Release;
		};
		BAA52F6620102B19005DA87F /* Build configuration list for PBXNativeTarget "duxinTests" */ = {
			isa = XCConfigurationList;
			buildConfigurations = (
				BAA52F6720102B19005DA87F /* Debug */,
				BAA52F6820102B19005DA87F /* Release */,
			);
			defaultConfigurationIsVisible = 0;
			defaultConfigurationName = Release;
		};
		BAA52F6920102B19005DA87F /* Build configuration list for PBXNativeTarget "duxinUITests" */ = {
			isa = XCConfigurationList;
			buildConfigurations = (
				BAA52F6A20102B19005DA87F /* Debug */,
				BAA52F6B20102B19005DA87F /* Release */,
			);
			defaultConfigurationIsVisible = 0;
			defaultConfigurationName = Release;
		};
/* End XCConfigurationList section */
	};
	rootObject = BAA52F2F20102B19005DA87F /* Project object */;
}
